
Microsoft Visual Studio Solution File, Format Version 12.00
Project("{FAE04EC0-301F-11D3-BF4B-00C04F79EFBC}") = "NetworkToolbar", "NetworkToolbar\NetworkToolbar.csproj", "{AA018D0B-14ED-4463-890D-20E5D7901039}"
EndProject
Project("{FAE04EC0-301F-11D3-BF4B-00C04F79EFBC}") = "NetworkToolbarDeskBand", "NetworkToolbarDeskBand\NetworkToolbarDeskBand.csproj", "{0CFFCC29-8DBA-423D-9BB8-C07F296292A8}"
EndProject
Global
	GlobalSection(SolutionConfigurationPlatforms) = preSolution
		Debug|Any CPU = Debug|Any CPU
		Release|Any CPU = Release|Any CPU
	EndGlobalSection
	GlobalSection(ProjectConfigurationPlatforms) = postSolution
		{AA018D0B-14ED-4463-890D-20E5D7901039}.Debug|Any CPU.ActiveCfg = Debug|Any CPU
		{AA018D0B-14ED-4463-890D-20E5D7901039}.Debug|Any CPU.Build.0 = Debug|Any CPU
		{AA018D0B-14ED-4463-890D-20E5D7901039}.Release|Any CPU.ActiveCfg = Release|Any CPU
		{AA018D0B-14ED-4463-890D-20E5D7901039}.Release|Any CPU.Build.0 = Release|Any CPU
		{0CFFCC29-8DBA-423D-9BB8-C07F296292A8}.Debug|Any CPU.ActiveCfg = Debug|Any CPU
		{0CFFCC29-8DBA-423D-9BB8-C07F296292A8}.Debug|Any CPU.Build.0 = Debug|Any CPU
		{0CFFCC29-8DBA-423D-9BB8-C07F296292A8}.Release|Any CPU.ActiveCfg = Release|Any CPU
		{0CFFCC29-8DBA-423D-9BB8-C07F296292A8}.Release|Any CPU.Build.0 = Release|Any CPU
	EndGlobalSection
EndGlobal
